
Microsoft Visual Studio Solution File, Format Version 12.00
# Visual Studio Version 17
VisualStudioVersion = 17.0.32014.148
MinimumVisualStudioVersion = 10.0.40219.1
Project("{FAE04EC0-301F-11D3-BF4B-00C04F79EFBC}") = "Project1", "Project1\Project1.csproj", "{D09405E5-881A-4A2A-943D-9A085924BB9C}"
EndProject
Global
	GlobalSection(SolutionConfigurationPlatforms) = preSolution
		Debug|Any CPU = Debug|Any CPU
		Release|Any CPU = Release|Any CPU
	EndGlobalSection
	GlobalSection(ProjectConfigurationPlatforms) = postSolution
		{D09405E5-881A-4A2A-943D-9A085924BB9C}.Debug|Any CPU.ActiveCfg = Debug|Any CPU
		{D09405E5-881A-4A2A-943D-9A085924BB9C}.Debug|Any CPU.Build.0 = Debug|Any CPU
		{D09405E5-881A-4A2A-943D-9A085924BB9C}.Release|Any CPU.ActiveCfg = Release|Any CPU
		{D09405E5-881A-4A2A-943D-9A085924BB9C}.Release|Any CPU.Build.0 = Release|Any CPU
	EndGlobalSection
	GlobalSection(SolutionProperties) = preSolution
		HideSolutionNode = FALSE
	EndGlobalSection
	GlobalSection(ExtensibilityGlobals) = postSolution
		SolutionGuid = {08854D94-A6D5-43AD-B00C-34B0C56D548F}
	EndGlobalSection
EndGlobal
